
Microsoft Visual Studio Solution File, Format Version 12.00
# Visual Studio Version 16
VisualStudioVersion = 16.0.32413.511
MinimumVisualStudioVersion = 10.0.40219.1
Project("{FAE04EC0-301F-11D3-BF4B-00C04F79EFBC}") = "Emek Haqqi Komekcisi Esas", "Emek Haqqi Komekcisi Esas\Emek Haqqi Komekcisi Esas.csproj", "{E2A0D546-D2F4-43DA-8EEE-0B91454FC011}"
EndProject
Global
	GlobalSection(SolutionConfigurationPlatforms) = preSolution
		Debug|Any CPU = Debug|Any CPU
		Release|Any CPU = Release|Any CPU
	EndGlobalSection
	GlobalSection(ProjectConfigurationPlatforms) = postSolution
		{E2A0D546-D2F4-43DA-8EEE-0B91454FC011}.Debug|Any CPU.ActiveCfg = Debug|Any CPU
		{E2A0D546-D2F4-43DA-8EEE-0B91454FC011}.Debug|Any CPU.Build.0 = Debug|Any CPU
		{E2A0D546-D2F4-43DA-8EEE-0B91454FC011}.Release|Any CPU.ActiveCfg = Release|Any CPU
		{E2A0D546-D2F4-43DA-8EEE-0B91454FC011}.Release|Any CPU.Build.0 = Release|Any CPU
	EndGlobalSection
	GlobalSection(SolutionProperties) = preSolution
		HideSolutionNode = FALSE
	EndGlobalSection
	GlobalSection(ExtensibilityGlobals) = postSolution
		SolutionGuid = {5B1FF303-9396-4BEA-8292-79F80BD532B0}
	EndGlobalSection
EndGlobal
